
Microsoft Visual Studio Solution File, Format Version 12.00
# Visual Studio Version 17
VisualStudioVersion = 17.2.32526.322
MinimumVisualStudioVersion = 10.0.40219.1
Project("{FAE04EC0-301F-11D3-BF4B-00C04F79EFBC}") = "HbDriveFeeder", "HbDriveFeeder\HbDriveFeeder.csproj", "{7665E306-D92C-4F74-B309-2ABC6E4E6F1B}"
EndProject
Global
	GlobalSection(SolutionConfigurationPlatforms) = preSolution
		Debug|Any CPU = Debug|Any CPU
		Release|Any CPU = Release|Any CPU
	EndGlobalSection
	GlobalSection(ProjectConfigurationPlatforms) = postSolution
		{7665E306-D92C-4F74-B309-2ABC6E4E6F1B}.Debug|Any CPU.ActiveCfg = Debug|Any CPU
		{7665E306-D92C-4F74-B309-2ABC6E4E6F1B}.Debug|Any CPU.Build.0 = Debug|Any CPU
		{7665E306-D92C-4F74-B309-2ABC6E4E6F1B}.Release|Any CPU.ActiveCfg = Release|Any CPU
		{7665E306-D92C-4F74-B309-2ABC6E4E6F1B}.Release|Any CPU.Build.0 = Release|Any CPU
	EndGlobalSection
	GlobalSection(SolutionProperties) = preSolution
		HideSolutionNode = FALSE
	EndGlobalSection
	GlobalSection(ExtensibilityGlobals) = postSolution
		SolutionGuid = {90C30DF5-9C97-41E1-AFDA-F7EEB6A12368}
	EndGlobalSection
EndGlobal
